// !$*UTF8*$!
{
	archiveVersion = 1;
	classes = {
	};
	objectVersion = 55;
	objects = {

/* Begin PBXBuildFile section */
		49325A7729D899C300708390 /* Restaurant.swift in Sources */ = {isa = PBXBuildFile; fileRef = 49325A7629D899C300708390 /* Restaurant.swift */; };
		49325A7929D8A08300708390 /* RestaurantTableViewCell.swift in Sources */ = {isa = PBXBuildFile; fileRef = 49325A7829D8A08300708390 /* RestaurantTableViewCell.swift */; };
		4983ADC529BE22E100ACE597 /* AppDelegate.swift in Sources */ = {isa = PBXBuildFile; fileRef = 4983ADC429BE22E100ACE597 /* AppDelegate.swift */; };
		4983ADC729BE22E100ACE597 /* SceneDelegate.swift in Sources */ = {isa = PBXBuildFile; fileRef = 4983ADC629BE22E100ACE597 /* SceneDelegate.swift */; };
		4983ADC929BE22E100ACE597 /* LoginViewController.swift in Sources */ = {isa = PBXBuildFile; fileRef = 4983ADC829BE22E100ACE597 /* LoginViewController.swift */; };
		4983ADCE29BE22E300ACE597 /* Assets.xcassets in Resources */ = {isa = PBXBuildFile; fileRef = 4983ADCD29BE22E300ACE597 /* Assets.xcassets */; };
		4983ADD129BE22E300ACE597 /* LaunchScreen.storyboard in Resources */ = {isa = PBXBuildFile; fileRef = 4983ADCF29BE22E300ACE597 /* LaunchScreen.storyboard */; };
		4983ADF529BE3DC000ACE597 /* RestaurantsViewController.swift in Sources */ = {isa = PBXBuildFile; fileRef = 4983ADF429BE3DC000ACE597 /* RestaurantsViewController.swift */; };
		49E5DABE2A5C6AFC0077F062 /* AboutRestaurantViewController.swift in Sources */ = {isa = PBXBuildFile; fileRef = 49E5DABD2A5C6AFB0077F062 /* AboutRestaurantViewController.swift */; };
		49E5DAC02A65E1C10077F062 /* User.swift in Sources */ = {isa = PBXBuildFile; fileRef = 49E5DABF2A65E1C10077F062 /* User.swift */; };
		49E5DAC22A65F6790077F062 /* AddRestaurantViewController.swift in Sources */ = {isa = PBXBuildFile; fileRef = 49E5DAC12A65F6790077F062 /* AddRestaurantViewController.swift */; };
		49E5DAC42A682A590077F062 /* AuthenticationVM.swift in Sources */ = {isa = PBXBuildFile; fileRef = 49E5DAC32A682A590077F062 /* AuthenticationVM.swift */; };
		49E5DACA2A6B19A30077F062 /* Dynamic.swift in Sources */ = {isa = PBXBuildFile; fileRef = 49E5DAC92A6B19A30077F062 /* Dynamic.swift */; };
/* End PBXBuildFile section */

/* Begin PBXContainerItemProxy section */
		4983ADD829BE22E300ACE597 /* PBXContainerItemProxy */ = {
			isa = PBXContainerItemProxy;
			containerPortal = 4983ADB929BE22E100ACE597 /* Project object */;
			proxyType = 1;
			remoteGlobalIDString = 4983ADC029BE22E100ACE597;
			remoteInfo = Restaurants;
		};
		4983ADE229BE22E300ACE597 /* PBXContainerItemProxy */ = {
			isa = PBXContainerItemProxy;
			containerPortal = 4983ADB929BE22E100ACE597 /* Project object */;
			proxyType = 1;
			remoteGlobalIDString = 4983ADC029BE22E100ACE597;
			remoteInfo = Restaurants;
		};
/* End PBXContainerItemProxy section */

/* Begin PBXFileReference section */
		49325A7629D899C300708390 /* Restaurant.swift */ = {isa = PBXFileReference; lastKnownFileType = sourcecode.swift; path = Restaurant.swift; sourceTree = "<group>"; };
		49325A7829D8A08300708390 /* RestaurantTableViewCell.swift */ = {isa = PBXFileReference; lastKnownFileType = sourcecode.swift; path = RestaurantTableViewCell.swift; sourceTree = "<group>"; };
		4983ADC129BE22E100ACE597 /* Restaurants.app */ = {isa = PBXFileReference; explicitFileType = wrapper.application; includeInIndex = 0; path = Restaurants.app; sourceTree = BUILT_PRODUCTS_DIR; };
		4983ADC429BE22E100ACE597 /* AppDelegate.swift */ = {isa = PBXFileReference; lastKnownFileType = sourcecode.swift; path = AppDelegate.swift; sourceTree = "<group>"; };
		4983ADC629BE22E100ACE597 /* SceneDelegate.swift */ = {isa = PBXFileReference; lastKnownFileType = sourcecode.swift; path = SceneDelegate.swift; sourceTree = "<group>"; };
		4983ADC829BE22E100ACE597 /* LoginViewController.swift */ = {isa = PBXFileReference; lastKnownFileType = sourcecode.swift; path = LoginViewController.swift; sourceTree = "<group>"; };
		4983ADCD29BE22E300ACE597 /* Assets.xcassets */ = {isa = PBXFileReference; lastKnownFileType = folder.assetcatalog; path = Assets.xcassets; sourceTree = "<group>"; };
		4983ADD029BE22E300ACE597 /* Base */ = {isa = PBXFileReference; lastKnownFileType = file.storyboard; name = Base; path = Base.lproj/LaunchScreen.storyboard; sourceTree = "<group>"; };
		4983ADD229BE22E300ACE597 /* Info.plist */ = {isa = PBXFileReference; lastKnownFileType = text.plist.xml; path = Info.plist; sourceTree = "<group>"; };
		4983ADD729BE22E300ACE597 /* RestaurantsTests.xctest */ = {isa = PBXFileReference; explicitFileType = wrapper.cfbundle; includeInIndex = 0; path = RestaurantsTests.xctest; sourceTree = BUILT_PRODUCTS_DIR; };
		4983ADE129BE22E300ACE597 /* RestaurantsUITests.xctest */ = {isa = PBXFileReference; explicitFileType = wrapper.cfbundle; includeInIndex = 0; path = RestaurantsUITests.xctest; sourceTree = BUILT_PRODUCTS_DIR; };
		4983ADF429BE3DC000ACE597 /* RestaurantsViewController.swift */ = {isa = PBXFileReference; lastKnownFileType = sourcecode.swift; path = RestaurantsViewController.swift; sourceTree = "<group>"; };
		49E5DABD2A5C6AFB0077F062 /* AboutRestaurantViewController.swift */ = {isa = PBXFileReference; lastKnownFileType = sourcecode.swift; path = AboutRestaurantViewController.swift; sourceTree = "<group>"; };
		49E5DABF2A65E1C10077F062 /* User.swift */ = {isa = PBXFileReference; lastKnownFileType = sourcecode.swift; path = User.swift; sourceTree = "<group>"; };
		49E5DAC12A65F6790077F062 /* AddRestaurantViewController.swift */ = {isa = PBXFileReference; lastKnownFileType = sourcecode.swift; path = AddRestaurantViewController.swift; sourceTree = "<group>"; };
		49E5DAC32A682A590077F062 /* AuthenticationVM.swift */ = {isa = PBXFileReference; lastKnownFileType = sourcecode.swift; path = AuthenticationVM.swift; sourceTree = "<group>"; };
		49E5DAC92A6B19A30077F062 /* Dynamic.swift */ = {isa = PBXFileReference; lastKnownFileType = sourcecode.swift; path = Dynamic.swift; sourceTree = "<group>"; };
/* End PBXFileReference section */

/* Begin PBXFrameworksBuildPhase section */
		4983ADBE29BE22E100ACE597 /* Frameworks */ = {
			isa = PBXFrameworksBuildPhase;
			buildActionMask = 2147483647;
			files = (
			);
			runOnlyForDeploymentPostprocessing = 0;
		};
		4983ADD429BE22E300ACE597 /* Frameworks */ = {
			isa = PBXFrameworksBuildPhase;
			buildActionMask = 2147483647;
			files = (
			);
			runOnlyForDeploymentPostprocessing = 0;
		};
		4983ADDE29BE22E300ACE597 /* Frameworks */ = {
			isa = PBXFrameworksBuildPhase;
			buildActionMask = 2147483647;
			files = (
			);
			runOnlyForDeploymentPostprocessing = 0;
		};
/* End PBXFrameworksBuildPhase section */

/* Begin PBXGroup section */
		49325A7529D899A200708390 /* Models */ = {
			isa = PBXGroup;
			children = (
				49325A7629D899C300708390 /* Restaurant.swift */,
				49E5DABF2A65E1C10077F062 /* User.swift */,
			);
			path = Models;
			sourceTree = "<group>";
		};
		4983ADB829BE22E100ACE597 = {
			isa = PBXGroup;
			children = (
				4983ADC329BE22E100ACE597 /* Restaurants */,
				4983ADC229BE22E100ACE597 /* Products */,
			);
			sourceTree = "<group>";
		};
		4983ADC229BE22E100ACE597 /* Products */ = {
			isa = PBXGroup;
			children = (
				4983ADC129BE22E100ACE597 /* Restaurants.app */,
				4983ADD729BE22E300ACE597 /* RestaurantsTests.xctest */,
				4983ADE129BE22E300ACE597 /* RestaurantsUITests.xctest */,
			);
			name = Products;
			sourceTree = "<group>";
		};
		4983ADC329BE22E100ACE597 /* Restaurants */ = {
			isa = PBXGroup;
			children = (
				49E5DAC72A682B0B0077F062 /* ViewModels */,
				49E5DAC62A682AE50077F062 /* Views */,
				49325A7529D899A200708390 /* Models */,
				4983ADC429BE22E100ACE597 /* AppDelegate.swift */,
				4983ADC629BE22E100ACE597 /* SceneDelegate.swift */,
				4983ADCD29BE22E300ACE597 /* Assets.xcassets */,
				4983ADCF29BE22E300ACE597 /* LaunchScreen.storyboard */,
				4983ADD229BE22E300ACE597 /* Info.plist */,
			);
			path = Restaurants;
			sourceTree = "<group>";
		};
		49E5DAC62A682AE50077F062 /* Views */ = {
			isa = PBXGroup;
			children = (
				49325A7829D8A08300708390 /* RestaurantTableViewCell.swift */,
				4983ADF429BE3DC000ACE597 /* RestaurantsViewController.swift */,
				49E5DABD2A5C6AFB0077F062 /* AboutRestaurantViewController.swift */,
				4983ADC829BE22E100ACE597 /* LoginViewController.swift */,
				49E5DAC12A65F6790077F062 /* AddRestaurantViewController.swift */,
			);
			path = Views;
			sourceTree = "<group>";
		};
		49E5DAC72A682B0B0077F062 /* ViewModels */ = {
			isa = PBXGroup;
			children = (
				49E5DAC82A6B19910077F062 /* Bindings */,
				49E5DAC32A682A590077F062 /* AuthenticationVM.swift */,
			);
			path = ViewModels;
			sourceTree = "<group>";
		};
		49E5DAC82A6B19910077F062 /* Bindings */ = {
			isa = PBXGroup;
			children = (
				49E5DAC92A6B19A30077F062 /* Dynamic.swift */,
			);
			path = Bindings;
			sourceTree = "<group>";
		};
/* End PBXGroup section */

/* Begin PBXNativeTarget section */
		4983ADC029BE22E100ACE597 /* Restaurants */ = {
			isa = PBXNativeTarget;
			buildConfigurationList = 4983ADEB29BE22E300ACE597 /* Build configuration list for PBXNativeTarget "Restaurants" */;
			buildPhases = (
				4983ADBD29BE22E100ACE597 /* Sources */,
				4983ADBE29BE22E100ACE597 /* Frameworks */,
				4983ADBF29BE22E100ACE597 /* Resources */,
			);
			buildRules = (
			);
			dependencies = (
			);
			name = Restaurants;
			productName = Restaurants;
			productReference = 4983ADC129BE22E100ACE597 /* Restaurants.app */;
			productType = "com.apple.product-type.application";
		};
		4983ADD629BE22E300ACE597 /* RestaurantsTests */ = {
			isa = PBXNativeTarget;
			buildConfigurationList = 4983ADEE29BE22E300ACE597 /* Build configuration list for PBXNativeTarget "RestaurantsTests" */;
			buildPhases = (
				4983ADD329BE22E300ACE597 /* Sources */,
				4983ADD429BE22E300ACE597 /* Frameworks */,
				4983ADD529BE22E300ACE597 /* Resources */,
			);
			buildRules = (
			);
			dependencies = (
				4983ADD929BE22E300ACE597 /* PBXTargetDependency */,
			);
			name = RestaurantsTests;
			productName = RestaurantsTests;
			productReference = 4983ADD729BE22E300ACE597 /* RestaurantsTests.xctest */;
			productType = "com.apple.product-type.bundle.unit-test";
		};
		4983ADE029BE22E300ACE597 /* RestaurantsUITests */ = {
			isa = PBXNativeTarget;
			buildConfigurationList = 4983ADF129BE22E300ACE597 /* Build configuration list for PBXNativeTarget "RestaurantsUITests" */;
			buildPhases = (
				4983ADDD29BE22E300ACE597 /* Sources */,
				4983ADDE29BE22E300ACE597 /* Frameworks */,
				4983ADDF29BE22E300ACE597 /* Resources */,
			);
			buildRules = (
			);
			dependencies = (
				4983ADE329BE22E300ACE597 /* PBXTargetDependency */,
			);
			name = RestaurantsUITests;
			productName = RestaurantsUITests;
			productReference = 4983ADE129BE22E300ACE597 /* RestaurantsUITests.xctest */;
			productType = "com.apple.product-type.bundle.ui-testing";
		};
/* End PBXNativeTarget section */

/* Begin PBXProject section */
		4983ADB929BE22E100ACE597 /* Project object */ = {
			isa = PBXProject;
			attributes = {
				BuildIndependentTargetsInParallel = 1;
				LastSwiftUpdateCheck = 1340;
				LastUpgradeCheck = 1340;
				TargetAttributes = {
					4983ADC029BE22E100ACE597 = {
						CreatedOnToolsVersion = 13.4.1;
					};
					4983ADD629BE22E300ACE597 = {
						CreatedOnToolsVersion = 13.4.1;
						TestTargetID = 4983ADC029BE22E100ACE597;
					};
					4983ADE029BE22E300ACE597 = {
						CreatedOnToolsVersion = 13.4.1;
						TestTargetID = 4983ADC029BE22E100ACE597;
					};
				};
			};
			buildConfigurationList = 4983ADBC29BE22E100ACE597 /* Build configuration list for PBXProject "Restaurants" */;
			compatibilityVersion = "Xcode 13.0";
			developmentRegion = en;
			hasScannedForEncodings = 0;
			knownRegions = (
				en,
				Base,
			);
			mainGroup = 4983ADB829BE22E100ACE597;
			productRefGroup = 4983ADC229BE22E100ACE597 /* Products */;
			projectDirPath = "";
			projectRoot = "";
			targets = (
				4983ADC029BE22E100ACE597 /* Restaurants */,
				4983ADD629BE22E300ACE597 /* RestaurantsTests */,
				4983ADE029BE22E300ACE597 /* RestaurantsUITests */,
			);
		};
/* End PBXProject section */

/* Begin PBXResourcesBuildPhase section */
		4983ADBF29BE22E100ACE597 /* Resources */ = {
			isa = PBXResourcesBuildPhase;
			buildActionMask = 2147483647;
			files = (
				4983ADD129BE22E300ACE597 /* LaunchScreen.storyboard in Resources */,
				4983ADCE29BE22E300ACE597 /* Assets.xcassets in Resources */,
			);
			runOnlyForDeploymentPostprocessing = 0;
		};
		4983ADD529BE22E300ACE597 /* Resources */ = {
			isa = PBXResourcesBuildPhase;
			buildActionMask = 2147483647;
			files = (
			);
			runOnlyForDeploymentPostprocessing = 0;
		};
		4983ADDF29BE22E300ACE597 /* Resources */ = {
			isa = PBXResourcesBuildPhase;
			buildActionMask = 2147483647;
			files = (
			);
			runOnlyForDeploymentPostprocessing = 0;
		};
/* End PBXResourcesBuildPhase section */

/* Begin PBXSourcesBuildPhase section */
		4983ADBD29BE22E100ACE597 /* Sources */ = {
			isa = PBXSourcesBuildPhase;
			buildActionMask = 2147483647;
			files = (
				49325A7729D899C300708390 /* Restaurant.swift in Sources */,
				4983ADC929BE22E100ACE597 /* LoginViewController.swift in Sources */,
				4983ADF529BE3DC000ACE597 /* RestaurantsViewController.swift in Sources */,
				49E5DABE2A5C6AFC0077F062 /* AboutRestaurantViewController.swift in Sources */,
				49E5DAC42A682A590077F062 /* AuthenticationVM.swift in Sources */,
				49E5DAC02A65E1C10077F062 /* User.swift in Sources */,
				49E5DAC22A65F6790077F062 /* AddRestaurantViewController.swift in Sources */,
				49E5DACA2A6B19A30077F062 /* Dynamic.swift in Sources */,
				4983ADC529BE22E100ACE597 /* AppDelegate.swift in Sources */,
				49325A7929D8A08300708390 /* RestaurantTableViewCell.swift in Sources */,
				4983ADC729BE22E100ACE597 /* SceneDelegate.swift in Sources */,
			);
			runOnlyForDeploymentPostprocessing = 0;
		};
		4983ADD329BE22E300ACE597 /* Sources */ = {
			isa = PBXSourcesBuildPhase;
			buildActionMask = 2147483647;
			files = (
			);
			runOnlyForDeploymentPostprocessing = 0;
		};
		4983ADDD29BE22E300ACE597 /* Sources */ = {
			isa = PBXSourcesBuildPhase;
			buildActionMask = 2147483647;
			files = (
			);
			runOnlyForDeploymentPostprocessing = 0;
		};
/* End PBXSourcesBuildPhase section */

/* Begin PBXTargetDependency section */
		4983ADD929BE22E300ACE597 /* PBXTargetDependency */ = {
			isa = PBXTargetDependency;
			target = 4983ADC029BE22E100ACE597 /* Restaurants */;
			targetProxy = 4983ADD829BE22E300ACE597 /* PBXContainerItemProxy */;
		};
		4983ADE329BE22E300ACE597 /* PBXTargetDependency */ = {
			isa = PBXTargetDependency;
			target = 4983ADC029BE22E100ACE597 /* Restaurants */;
			targetProxy = 4983ADE229BE22E300ACE597 /* PBXContainerItemProxy */;
		};
/* End PBXTargetDependency section */

/* Begin PBXVariantGroup section */
		4983ADCF29BE22E300ACE597 /* LaunchScreen.storyboard */ = {
			isa = PBXVariantGroup;
			children = (
				4983ADD029BE22E300ACE597 /* Base */,
			);
			name = LaunchScreen.storyboard;
			sourceTree = "<group>";
		};
/* End PBXVariantGroup section */

/* Begin XCBuildConfiguration section */
		4983ADE929BE22E300ACE597 /* Debug */ = {
			isa = XCBuildConfiguration;
			buildSettings = {
				ALWAYS_SEARCH_USER_PATHS = NO;
				CLANG_ANALYZER_NONNULL = YES;
				CLANG_ANALYZER_NUMBER_OBJECT_CONVERSION = YES_AGGRESSIVE;
				CLANG_CXX_LANGUAGE_STANDARD = "gnu++17";
				CLANG_ENABLE_MODULES = YES;
				CLANG_ENABLE_OBJC_ARC = YES;
				CLANG_ENABLE_OBJC_WEAK = YES;
				CLANG_WARN_BLOCK_CAPTURE_AUTORELEASING = YES;
				CLANG_WARN_BOOL_CONVERSION = YES;
				CLANG_WARN_COMMA = YES;
				CLANG_WARN_CONSTANT_CONVERSION = YES;
				CLANG_WARN_DEPRECATED_OBJC_IMPLEMENTATIONS = YES;
				CLANG_WARN_DIRECT_OBJC_ISA_USAGE = YES_ERROR;
				CLANG_WARN_DOCUMENTATION_COMMENTS = YES;
				CLANG_WARN_EMPTY_BODY = YES;
				CLANG_WARN_ENUM_CONVERSION = YES;
				CLANG_WARN_INFINITE_RECURSION = YES;
				CLANG_WARN_INT_CONVERSION = YES;
				CLANG_WARN_NON_LITERAL_NULL_CONVERSION = YES;
				CLANG_WARN_OBJC_IMPLICIT_RETAIN_SELF = YES;
				CLANG_WARN_OBJC_LITERAL_CONVERSION = YES;
				CLANG_WARN_OBJC_ROOT_CLASS = YES_ERROR;
				CLANG_WARN_QUOTED_INCLUDE_IN_FRAMEWORK_HEADER = YES;
				CLANG_WARN_RANGE_LOOP_ANALYSIS = YES;
				CLANG_WARN_STRICT_PROTOTYPES = YES;
				CLANG_WARN_SUSPICIOUS_MOVE = YES;
				CLANG_WARN_UNGUARDED_AVAILABILITY = YES_AGGRESSIVE;
				CLANG_WARN_UNREACHABLE_CODE = YES;
				CLANG_WARN__DUPLICATE_METHOD_MATCH = YES;
				COPY_PHASE_STRIP = NO;
				DEBUG_INFORMATION_FORMAT = dwarf;
				ENABLE_STRICT_OBJC_MSGSEND = YES;
				ENABLE_TESTABILITY = YES;
				GCC_C_LANGUAGE_STANDARD = gnu11;
				GCC_DYNAMIC_NO_PIC = NO;
				GCC_NO_COMMON_BLOCKS = YES;
				GCC_OPTIMIZATION_LEVEL = 0;
				GCC_PREPROCESSOR_DEFINITIONS = (
					"DEBUG=1",
					"$(inherited)",
				);
				GCC_WARN_64_TO_32_BIT_CONVERSION = YES;
				GCC_WARN_ABOUT_RETURN_TYPE = YES_ERROR;
				GCC_WARN_UNDECLARED_SELECTOR = YES;
				GCC_WARN_UNINITIALIZED_AUTOS = YES_AGGRESSIVE;
				GCC_WARN_UNUSED_FUNCTION = YES;
				GCC_WARN_UNUSED_VARIABLE = YES;
				IPHONEOS_DEPLOYMENT_TARGET = 15.5;
				MTL_ENABLE_DEBUG_INFO = INCLUDE_SOURCE;
				MTL_FAST_MATH = YES;
				ONLY_ACTIVE_ARCH = YES;
				SDKROOT = iphoneos;
				SWIFT_ACTIVE_COMPILATION_CONDITIONS = DEBUG;
				SWIFT_OPTIMIZATION_LEVEL = "-Onone";
			};
			name = Debug;
		};
		4983ADEA29BE22E300ACE597 /* Release */ = {
			isa = XCBuildConfiguration;
			buildSettings = {
				ALWAYS_SEARCH_USER_PATHS = NO;
				CLANG_ANALYZER_NONNULL = YES;
				CLANG_ANALYZER_NUMBER_OBJECT_CONVERSION = YES_AGGRESSIVE;
				CLANG_CXX_LANGUAGE_STANDARD = "gnu++17";
				CLANG_ENABLE_MODULES = YES;
				CLANG_ENABLE_OBJC_ARC = YES;
				CLANG_ENABLE_OBJC_WEAK = YES;
				CLANG_WARN_BLOCK_CAPTURE_AUTORELEASING = YES;
				CLANG_WARN_BOOL_CONVERSION = YES;
				CLANG_WARN_COMMA = YES;
				CLANG_WARN_CONSTANT_CONVERSION = YES;
				CLANG_WARN_DEPRECATED_OBJC_IMPLEMENTATIONS = YES;
				CLANG_WARN_DIRECT_OBJC_ISA_USAGE = YES_ERROR;
				CLANG_WARN_DOCUMENTATION_COMMENTS = YES;
				CLANG_WARN_EMPTY_BODY = YES;
				CLANG_WARN_ENUM_CONVERSION = YES;
				CLANG_WARN_INFINITE_RECURSION = YES;
				CLANG_WARN_INT_CONVERSION = YES;
				CLANG_WARN_NON_LITERAL_NULL_CONVERSION = YES;
				CLANG_WARN_OBJC_IMPLICIT_RETAIN_SELF = YES;
				CLANG_WARN_OBJC_LITERAL_CONVERSION = YES;
				CLANG_WARN_OBJC_ROOT_CLASS = YES_ERROR;
				CLANG_WARN_QUOTED_INCLUDE_IN_FRAMEWORK_HEADER = YES;
				CLANG_WARN_RANGE_LOOP_ANALYSIS = YES;
				CLANG_WARN_STRICT_PROTOTYPES = YES;
				CLANG_WARN_SUSPICIOUS_MOVE = YES;
				CLANG_WARN_UNGUARDED_AVAILABILITY = YES_AGGRESSIVE;
				CLANG_WARN_UNREACHABLE_CODE = YES;
				CLANG_WARN__DUPLICATE_METHOD_MATCH = YES;
				COPY_PHASE_STRIP = NO;
				DEBUG_INFORMATION_FORMAT = "dwarf-with-dsym";
				ENABLE_NS_ASSERTIONS = NO;
				ENABLE_STRICT_OBJC_MSGSEND = YES;
				GCC_C_LANGUAGE_STANDARD = gnu11;
				GCC_NO_COMMON_BLOCKS = YES;
				GCC_WARN_64_TO_32_BIT_CONVERSION = YES;
				GCC_WARN_ABOUT_RETURN_TYPE = YES_ERROR;
				GCC_WARN_UNDECLARED_SELECTOR = YES;
				GCC_WARN_UNINITIALIZED_AUTOS = YES_AGGRESSIVE;
				GCC_WARN_UNUSED_FUNCTION = YES;
				GCC_WARN_UNUSED_VARIABLE = YES;
				IPHONEOS_DEPLOYMENT_TARGET = 15.5;
				MTL_ENABLE_DEBUG_INFO = NO;
				MTL_FAST_MATH = YES;
				SDKROOT = iphoneos;
				SWIFT_COMPILATION_MODE = wholemodule;
				SWIFT_OPTIMIZATION_LEVEL = "-O";
				VALIDATE_PRODUCT = YES;
			};
			name = Release;
		};
		4983ADEC29BE22E300ACE597 /* Debug */ = {
			isa = XCBuildConfiguration;
			buildSettings = {
				ASSETCATALOG_COMPILER_APPICON_NAME = AppIcon;
				ASSETCATALOG_COMPILER_GLOBAL_ACCENT_COLOR_NAME = AccentColor;
				CODE_SIGN_STYLE = Automatic;
				CURRENT_PROJECT_VERSION = 1;
				GENERATE_INFOPLIST_FILE = YES;
				INFOPLIST_FILE = Restaurants/Info.plist;
				INFOPLIST_KEY_UIApplicationSupportsIndirectInputEvents = YES;
				INFOPLIST_KEY_UILaunchStoryboardName = LaunchScreen;
				INFOPLIST_KEY_UISupportedInterfaceOrientations_iPad = "UIInterfaceOrientationPortrait UIInterfaceOrientationPortraitUpsideDown UIInterfaceOrientationLandscapeLeft UIInterfaceOrientationLandscapeRight";
				INFOPLIST_KEY_UISupportedInterfaceOrientations_iPhone = "UIInterfaceOrientationPortrait UIInterfaceOrientationLandscapeLeft UIInterfaceOrientationLandscapeRight";
				LD_RUNPATH_SEARCH_PATHS = (
					"$(inherited)",
					"@executable_path/Frameworks",
				);
				MARKETING_VERSION = 1.0;
				PRODUCT_BUNDLE_IDENTIFIER = com.test.Restaurants;
				PRODUCT_NAME = "$(TARGET_NAME)";
				SWIFT_EMIT_LOC_STRINGS = YES;
				SWIFT_VERSION = 5.0;
				TARGETED_DEVICE_FAMILY = "1,2";
			};
			name = Debug;
		};
		4983ADED29BE22E300ACE597 /* Release */ = {
			isa = XCBuildConfiguration;
			buildSettings = {
				ASSETCATALOG_COMPILER_APPICON_NAME = AppIcon;
				ASSETCATALOG_COMPILER_GLOBAL_ACCENT_COLOR_NAME = AccentColor;
				CODE_SIGN_STYLE = Automatic;
				CURRENT_PROJECT_VERSION = 1;
				GENERATE_INFOPLIST_FILE = YES;
				INFOPLIST_FILE = Restaurants/Info.plist;
				INFOPLIST_KEY_UIApplicationSupportsIndirectInputEvents = YES;
				INFOPLIST_KEY_UILaunchStoryboardName = LaunchScreen;
				INFOPLIST_KEY_UISupportedInterfaceOrientations_iPad = "UIInterfaceOrientationPortrait UIInterfaceOrientationPortraitUpsideDown UIInterfaceOrientationLandscapeLeft UIInterfaceOrientationLandscapeRight";
				INFOPLIST_KEY_UISupportedInterfaceOrientations_iPhone = "UIInterfaceOrientationPortrait UIInterfaceOrientationLandscapeLeft UIInterfaceOrientationLandscapeRight";
				LD_RUNPATH_SEARCH_PATHS = (
					"$(inherited)",
					"@executable_path/Frameworks",
				);
				MARKETING_VERSION = 1.0;
				PRODUCT_BUNDLE_IDENTIFIER = com.test.Restaurants;
				PRODUCT_NAME = "$(TARGET_NAME)";
				SWIFT_EMIT_LOC_STRINGS = YES;
				SWIFT_VERSION = 5.0;
				TARGETED_DEVICE_FAMILY = "1,2";
			};
			name = Release;
		};
		4983ADEF29BE22E300ACE597 /* Debug */ = {
			isa = XCBuildConfiguration;
			buildSettings = {
				ALWAYS_EMBED_SWIFT_STANDARD_LIBRARIES = YES;
				BUNDLE_LOADER = "$(TEST_HOST)";
				CODE_SIGN_STYLE = Automatic;
				CURRENT_PROJECT_VERSION = 1;
				GENERATE_INFOPLIST_FILE = YES;
				IPHONEOS_DEPLOYMENT_TARGET = 15.5;
				MARKETING_VERSION = 1.0;
				PRODUCT_BUNDLE_IDENTIFIER = com.test.RestaurantsTests;
				PRODUCT_NAME = "$(TARGET_NAME)";
				SWIFT_EMIT_LOC_STRINGS = NO;
				SWIFT_VERSION = 5.0;
				TARGETED_DEVICE_FAMILY = "1,2";
				TEST_HOST = "$(BUILT_PRODUCTS_DIR)/Restaurants.app/Restaurants";
			};
			name = Debug;
		};
		4983ADF029BE22E300ACE597 /* Release */ = {
			isa = XCBuildConfiguration;
			buildSettings = {
				ALWAYS_EMBED_SWIFT_STANDARD_LIBRARIES = YES;
				BUNDLE_LOADER = "$(TEST_HOST)";
				CODE_SIGN_STYLE = Automatic;
				CURRENT_PROJECT_VERSION = 1;
				GENERATE_INFOPLIST_FILE = YES;
				IPHONEOS_DEPLOYMENT_TARGET = 15.5;
				MARKETING_VERSION = 1.0;
				PRODUCT_BUNDLE_IDENTIFIER = com.test.RestaurantsTests;
				PRODUCT_NAME = "$(TARGET_NAME)";
				SWIFT_EMIT_LOC_STRINGS = NO;
				SWIFT_VERSION = 5.0;
				TARGETED_DEVICE_FAMILY = "1,2";
				TEST_HOST = "$(BUILT_PRODUCTS_DIR)/Restaurants.app/Restaurants";
			};
			name = Release;
		};
		4983ADF229BE22E300ACE597 /* Debug */ = {
			isa = XCBuildConfiguration;
			buildSettings = {
				ALWAYS_EMBED_SWIFT_STANDARD_LIBRARIES = YES;
				CODE_SIGN_STYLE = Automatic;
				CURRENT_PROJECT_VERSION = 1;
				GENERATE_INFOPLIST_FILE = YES;
				MARKETING_VERSION = 1.0;
				PRODUCT_BUNDLE_IDENTIFIER = com.test.RestaurantsUITests;
				PRODUCT_NAME = "$(TARGET_NAME)";
				SWIFT_EMIT_LOC_STRINGS = NO;
				SWIFT_VERSION = 5.0;
				TARGETED_DEVICE_FAMILY = "1,2";
				TEST_TARGET_NAME = Restaurants;
			};
			name = Debug;
		};
		4983ADF329BE22E300ACE597 /* Release */ = {
			isa = XCBuildConfiguration;
			buildSettings = {
				ALWAYS_EMBED_SWIFT_STANDARD_LIBRARIES = YES;
				CODE_SIGN_STYLE = Automatic;
				CURRENT_PROJECT_VERSION = 1;
				GENERATE_INFOPLIST_FILE = YES;
				MARKETING_VERSION = 1.0;
				PRODUCT_BUNDLE_IDENTIFIER = com.test.RestaurantsUITests;
				PRODUCT_NAME = "$(TARGET_NAME)";
				SWIFT_EMIT_LOC_STRINGS = NO;
				SWIFT_VERSION = 5.0;
				TARGETED_DEVICE_FAMILY = "1,2";
				TEST_TARGET_NAME = Restaurants;
			};
			name = Release;
		};
/* End XCBuildConfiguration section */

/* Begin XCConfigurationList section */
		4983ADBC29BE22E100ACE597 /* Build configuration list for PBXProject "Restaurants" */ = {
			isa = XCConfigurationList;
			buildConfigurations = (
				4983ADE929BE22E300ACE597 /* Debug */,
				4983ADEA29BE22E300ACE597 /* Release */,
			);
			defaultConfigurationIsVisible = 0;
			defaultConfigurationName = Release;
		};
		4983ADEB29BE22E300ACE597 /* Build configuration list for PBXNativeTarget "Restaurants" */ = {
			isa = XCConfigurationList;
			buildConfigurations = (
				4983ADEC29BE22E300ACE597 /* Debug */,
				4983ADED29BE22E300ACE597 /* Release */,
			);
			defaultConfigurationIsVisible = 0;
			defaultConfigurationName = Release;
		};
		4983ADEE29BE22E300ACE597 /* Build configuration list for PBXNativeTarget "RestaurantsTests" */ = {
			isa = XCConfigurationList;
			buildConfigurations = (
				4983ADEF29BE22E300ACE597 /* Debug */,
				4983ADF029BE22E300ACE597 /* Release */,
			);
			defaultConfigurationIsVisible = 0;
			defaultConfigurationName = Release;
		};
		4983ADF129BE22E300ACE597 /* Build configuration list for PBXNativeTarget "RestaurantsUITests" */ = {
			isa = XCConfigurationList;
			buildConfigurations = (
				4983ADF229BE22E300ACE597 /* Debug */,
				4983ADF329BE22E300ACE597 /* Release */,
			);
			defaultConfigurationIsVisible = 0;
			defaultConfigurationName = Release;
		};
/* End XCConfigurationList section */
	};
	rootObject = 4983ADB929BE22E100ACE597 /* Project object */;
}
